
Microsoft Visual Studio Solution File, Format Version 12.00
# Visual Studio Version 16
VisualStudioVersion = 16.0.31911.196
MinimumVisualStudioVersion = 10.0.40219.1
Project("{FAE04EC0-301F-11D3-BF4B-00C04F79EFBC}") = "MVCProject", "MVCProject\MVCProject.csproj", "{10E3680C-6E0C-462A-9659-1704A2F44C2F}"
EndProject
Global
	GlobalSection(SolutionConfigurationPlatforms) = preSolution
		Debug|Any CPU = Debug|Any CPU
		Release|Any CPU = Release|Any CPU
	EndGlobalSection
	GlobalSection(ProjectConfigurationPlatforms) = postSolution
		{10E3680C-6E0C-462A-9659-1704A2F44C2F}.Debug|Any CPU.ActiveCfg = Debug|Any CPU
		{10E3680C-6E0C-462A-9659-1704A2F44C2F}.Debug|Any CPU.Build.0 = Debug|Any CPU
		{10E3680C-6E0C-462A-9659-1704A2F44C2F}.Release|Any CPU.ActiveCfg = Release|Any CPU
		{10E3680C-6E0C-462A-9659-1704A2F44C2F}.Release|Any CPU.Build.0 = Release|Any CPU
	EndGlobalSection
	GlobalSection(SolutionProperties) = preSolution
		HideSolutionNode = FALSE
	EndGlobalSection
	GlobalSection(ExtensibilityGlobals) = postSolution
		SolutionGuid = {6E055305-9F2E-4345-B3B3-B3737E924059}
	EndGlobalSection
EndGlobal
