
Microsoft Visual Studio Solution File, Format Version 12.00
# Visual Studio Version 16
VisualStudioVersion = 16.0.32126.315
MinimumVisualStudioVersion = 10.0.40219.1
Project("{FAE04EC0-301F-11D3-BF4B-00C04F79EFBC}") = "BackgroundWorkerDemo", "BackgroundWorkerDemo.csproj", "{88455F37-59F7-4535-B6BD-33F6B566B73E}"
EndProject
Global
	GlobalSection(SolutionConfigurationPlatforms) = preSolution
		Debug|Any CPU = Debug|Any CPU
		Release|Any CPU = Release|Any CPU
	EndGlobalSection
	GlobalSection(ProjectConfigurationPlatforms) = postSolution
		{88455F37-59F7-4535-B6BD-33F6B566B73E}.Debug|Any CPU.ActiveCfg = Debug|Any CPU
		{88455F37-59F7-4535-B6BD-33F6B566B73E}.Debug|Any CPU.Build.0 = Debug|Any CPU
		{88455F37-59F7-4535-B6BD-33F6B566B73E}.Release|Any CPU.ActiveCfg = Release|Any CPU
		{88455F37-59F7-4535-B6BD-33F6B566B73E}.Release|Any CPU.Build.0 = Release|Any CPU
	EndGlobalSection
	GlobalSection(SolutionProperties) = preSolution
		HideSolutionNode = FALSE
	EndGlobalSection
	GlobalSection(ExtensibilityGlobals) = postSolution
		SolutionGuid = {9570C166-615D-4AF4-BAA3-173718611ED2}
	EndGlobalSection
EndGlobal
