
Microsoft Visual Studio Solution File, Format Version 12.00
# Visual Studio Version 16
VisualStudioVersion = 16.0.32106.194
MinimumVisualStudioVersion = 10.0.40219.1
Project("{FAE04EC0-301F-11D3-BF4B-00C04F79EFBC}") = "SerializationDeserializationDemo", "SerializationDeserializationDemo.csproj", "{FE2C5061-D5A0-464F-85F4-5E2C438F00DE}"
EndProject
Global
	GlobalSection(SolutionConfigurationPlatforms) = preSolution
		Debug|Any CPU = Debug|Any CPU
		Release|Any CPU = Release|Any CPU
	EndGlobalSection
	GlobalSection(ProjectConfigurationPlatforms) = postSolution
		{FE2C5061-D5A0-464F-85F4-5E2C438F00DE}.Debug|Any CPU.ActiveCfg = Debug|Any CPU
		{FE2C5061-D5A0-464F-85F4-5E2C438F00DE}.Debug|Any CPU.Build.0 = Debug|Any CPU
		{FE2C5061-D5A0-464F-85F4-5E2C438F00DE}.Release|Any CPU.ActiveCfg = Release|Any CPU
		{FE2C5061-D5A0-464F-85F4-5E2C438F00DE}.Release|Any CPU.Build.0 = Release|Any CPU
	EndGlobalSection
	GlobalSection(SolutionProperties) = preSolution
		HideSolutionNode = FALSE
	EndGlobalSection
	GlobalSection(ExtensibilityGlobals) = postSolution
		SolutionGuid = {1B77EFB6-5E62-4015-95BF-B42EC15FD994}
	EndGlobalSection
EndGlobal
