
Microsoft Visual Studio Solution File, Format Version 12.00
# Visual Studio Version 16
VisualStudioVersion = 16.0.32228.343
MinimumVisualStudioVersion = 10.0.40219.1
Project("{FAE04EC0-301F-11D3-BF4B-00C04F79EFBC}") = "LibraryManagementAPI", "LibraryManagementAPI\LibraryManagementAPI.csproj", "{F26139C9-B6F7-4B8F-AFFB-611FFB111856}"
EndProject
Project("{FAE04EC0-301F-11D3-BF4B-00C04F79EFBC}") = "LibraryManagementBusinessLogic", "LibraryManagementBusinessLogic\LibraryManagementBusinessLogic.csproj", "{58E85B83-BF13-4437-8880-A41272D66E09}"
EndProject
Global
	GlobalSection(SolutionConfigurationPlatforms) = preSolution
		Debug|Any CPU = Debug|Any CPU
		Release|Any CPU = Release|Any CPU
	EndGlobalSection
	GlobalSection(ProjectConfigurationPlatforms) = postSolution
		{F26139C9-B6F7-4B8F-AFFB-611FFB111856}.Debug|Any CPU.ActiveCfg = Debug|Any CPU
		{F26139C9-B6F7-4B8F-AFFB-611FFB111856}.Debug|Any CPU.Build.0 = Debug|Any CPU
		{F26139C9-B6F7-4B8F-AFFB-611FFB111856}.Release|Any CPU.ActiveCfg = Release|Any CPU
		{F26139C9-B6F7-4B8F-AFFB-611FFB111856}.Release|Any CPU.Build.0 = Release|Any CPU
		{58E85B83-BF13-4437-8880-A41272D66E09}.Debug|Any CPU.ActiveCfg = Debug|Any CPU
		{58E85B83-BF13-4437-8880-A41272D66E09}.Debug|Any CPU.Build.0 = Debug|Any CPU
		{58E85B83-BF13-4437-8880-A41272D66E09}.Release|Any CPU.ActiveCfg = Release|Any CPU
		{58E85B83-BF13-4437-8880-A41272D66E09}.Release|Any CPU.Build.0 = Release|Any CPU
	EndGlobalSection
	GlobalSection(SolutionProperties) = preSolution
		HideSolutionNode = FALSE
	EndGlobalSection
	GlobalSection(ExtensibilityGlobals) = postSolution
		SolutionGuid = {3A6F7E73-43F8-4EF9-B934-03709B53A601}
	EndGlobalSection
EndGlobal
